{
  "version": 4,
  "terraform_version": "1.3.5",
  "serial": 3,
  "lineage": "b53796e6-377a-f6da-84d8-e3d8af56d1cb",
  "outputs": {},
  "resources": [
    {
      "module": "module.vpc.module.vpc_network.module.subnets",
      "mode": "managed",
      "type": "google_compute_subnetwork",
      "name": "subnetwork",
      "provider": "provider[\"registry.terraform.io/hashicorp/google\"]",
      "instances": [
        {
          "index_key": "us-west1/backstage-main-subnetwork",
          "schema_version": 0,
          "attributes": {
            "creation_timestamp": "2022-12-10T01:22:50.246-08:00",
            "description": "",
            "external_ipv6_prefix": "",
            "fingerprint": null,
            "gateway_address": "10.0.0.1",
            "id": "projects/terraform-cloudrun-371209/regions/us-west1/subnetworks/backstage-main-subnetwork",
            "ip_cidr_range": "10.0.0.0/16",
            "ipv6_access_type": "",
            "ipv6_cidr_range": "",
            "log_config": [],
            "name": "backstage-main-subnetwork",
            "network": "https://www.googleapis.com/compute/v1/projects/terraform-cloudrun-371209/global/networks/backstage-main",
            "private_ip_google_access": true,
            "private_ipv6_google_access": "DISABLE_GOOGLE_ACCESS",
            "project": "terraform-cloudrun-371209",
            "purpose": "PRIVATE",
            "region": "us-west1",
            "role": "",
            "secondary_ip_range": [],
            "self_link": "https://www.googleapis.com/compute/v1/projects/terraform-cloudrun-371209/regions/us-west1/subnetworks/backstage-main-subnetwork",
            "stack_type": "IPV4_ONLY",
            "timeouts": null
          },
          "sensitive_attributes": [],
          "private": "eyJlMmJmYjczMC1lY2FhLTExZTYtOGY4OC0zNDM2M2JjN2M0YzAiOnsiY3JlYXRlIjoxMjAwMDAwMDAwMDAwLCJkZWxldGUiOjEyMDAwMDAwMDAwMDAsInVwZGF0ZSI6MTIwMDAwMDAwMDAwMH19",
          "dependencies": [
            "module.vpc.module.vpc_network.module.vpc.google_compute_network.network"
          ]
        }
      ]
    },
    {
      "module": "module.vpc.module.vpc_network.module.vpc",
      "mode": "managed",
      "type": "google_compute_network",
      "name": "network",
      "provider": "provider[\"registry.terraform.io/hashicorp/google\"]",
      "instances": [
        {
          "schema_version": 0,
          "attributes": {
            "auto_create_subnetworks": false,
            "delete_default_routes_on_create": false,
            "description": "",
            "enable_ula_internal_ipv6": false,
            "gateway_ipv4": "",
            "id": "projects/terraform-cloudrun-371209/global/networks/backstage-main",
            "internal_ipv6_range": "",
            "mtu": 0,
            "name": "backstage-main",
            "project": "terraform-cloudrun-371209",
            "routing_mode": "GLOBAL",
            "self_link": "https://www.googleapis.com/compute/v1/projects/terraform-cloudrun-371209/global/networks/backstage-main",
            "timeouts": null
          },
          "sensitive_attributes": [],
          "private": "eyJlMmJmYjczMC1lY2FhLTExZTYtOGY4OC0zNDM2M2JjN2M0YzAiOnsiY3JlYXRlIjoxMjAwMDAwMDAwMDAwLCJkZWxldGUiOjEyMDAwMDAwMDAwMDAsInVwZGF0ZSI6MTIwMDAwMDAwMDAwMH19"
        }
      ]
    }
  ],
  "check_results": null
}
